Microsoft Visual Studio Solution File, Format Version 12.00
# Visual Studio Version 17
VisualStudioVersion = 17.5.2.0
MinimumVisualStudioVersion = 10.0.40219.1
Project("{FAE04EC0-301F-11D3-BF4B-00C04F79EFBC}") = "Music Library", "Music Library.csproj", "{967EDEBE-5138-7748-76F3-CDA979015C3E}"
EndProject
Global
	GlobalSection(SolutionConfigurationPlatforms) = preSolution
		Debug|Any CPU = Debug|Any CPU
		Release|Any CPU = Release|Any CPU
	EndGlobalSection
	GlobalSection(ProjectConfigurationPlatforms) = postSolution
		{967EDEBE-5138-7748-76F3-CDA979015C3E}.Debug|Any CPU.ActiveCfg = Debug|Any CPU
		{967EDEBE-5138-7748-76F3-CDA979015C3E}.Debug|Any CPU.Build.0 = Debug|Any CPU
		{967EDEBE-5138-7748-76F3-CDA979015C3E}.Release|Any CPU.ActiveCfg = Release|Any CPU
		{967EDEBE-5138-7748-76F3-CDA979015C3E}.Release|Any CPU.Build.0 = Release|Any CPU
	EndGlobalSection
	GlobalSection(SolutionProperties) = preSolution
		HideSolutionNode = FALSE
	EndGlobalSection
	GlobalSection(ExtensibilityGlobals) = postSolution
		SolutionGuid = {0F5DC9FB-DC9E-47FB-91BF-B4538C0E7691}
	EndGlobalSection
EndGlobal
